
Microsoft Visual Studio Solution File, Format Version 12.00
# Visual Studio Version 16
VisualStudioVersion = 16.0.30907.101
MinimumVisualStudioVersion = 10.0.40219.1
Project("{FAE04EC0-301F-11D3-BF4B-00C04F79EFBC}") = "WpfUPractika", "WpfUPractika\WpfUPractika.csproj", "{F72CC40D-6BF7-48E3-9645-36F205A52113}"
EndProject
Global
	GlobalSection(SolutionConfigurationPlatforms) = preSolution
		Debug|Any CPU = Debug|Any CPU
		Release|Any CPU = Release|Any CPU
	EndGlobalSection
	GlobalSection(ProjectConfigurationPlatforms) = postSolution
		{F72CC40D-6BF7-48E3-9645-36F205A52113}.Debug|Any CPU.ActiveCfg = Debug|Any CPU
		{F72CC40D-6BF7-48E3-9645-36F205A52113}.Debug|Any CPU.Build.0 = Debug|Any CPU
		{F72CC40D-6BF7-48E3-9645-36F205A52113}.Release|Any CPU.ActiveCfg = Release|Any CPU
		{F72CC40D-6BF7-48E3-9645-36F205A52113}.Release|Any CPU.Build.0 = Release|Any CPU
	EndGlobalSection
	GlobalSection(SolutionProperties) = preSolution
		HideSolutionNode = FALSE
	EndGlobalSection
	GlobalSection(ExtensibilityGlobals) = postSolution
		SolutionGuid = {721CDC2B-213C-42A5-A29C-F3CE899BB8AD}
	EndGlobalSection
EndGlobal
